
Microsoft Visual Studio Solution File, Format Version 12.00
# Visual Studio Version 17
VisualStudioVersion = 17.0.31903.59
MinimumVisualStudioVersion = 10.0.40219.1
Project("{FAE04EC0-301F-11D3-BF4B-00C04F79EFBC}") = "MeshHub.Rpf", "MeshHub.Rpf\MeshHub.Rpf.csproj", "{EA4F5C83-6D8F-4C7B-84D5-F9B714DAB630}"
EndProject
Project("{FAE04EC0-301F-11D3-BF4B-00C04F79EFBC}") = "MeshHub.Core", "MeshHub.Core\MeshHub.Core.csproj", "{0DF90830-8156-4F09-A1B4-9C07E0FBE1A9}"
EndProject
Global
	GlobalSection(SolutionConfigurationPlatforms) = preSolution
		Debug|Any CPU = Debug|Any CPU
		Release|Any CPU = Release|Any CPU
	EndGlobalSection
	GlobalSection(SolutionProperties) = preSolution
		HideSolutionNode = FALSE
	EndGlobalSection
	GlobalSection(ProjectConfigurationPlatforms) = postSolution
		{EA4F5C83-6D8F-4C7B-84D5-F9B714DAB630}.Debug|Any CPU.ActiveCfg = Debug|Any CPU
		{EA4F5C83-6D8F-4C7B-84D5-F9B714DAB630}.Debug|Any CPU.Build.0 = Debug|Any CPU
		{EA4F5C83-6D8F-4C7B-84D5-F9B714DAB630}.Release|Any CPU.ActiveCfg = Release|Any CPU
		{EA4F5C83-6D8F-4C7B-84D5-F9B714DAB630}.Release|Any CPU.Build.0 = Release|Any CPU
		{0DF90830-8156-4F09-A1B4-9C07E0FBE1A9}.Debug|Any CPU.ActiveCfg = Debug|Any CPU
		{0DF90830-8156-4F09-A1B4-9C07E0FBE1A9}.Debug|Any CPU.Build.0 = Debug|Any CPU
		{0DF90830-8156-4F09-A1B4-9C07E0FBE1A9}.Release|Any CPU.ActiveCfg = Release|Any CPU
		{0DF90830-8156-4F09-A1B4-9C07E0FBE1A9}.Release|Any CPU.Build.0 = Release|Any CPU
	EndGlobalSection
EndGlobal
